
Microsoft Visual Studio Solution File, Format Version 12.00
# Visual Studio 15
VisualStudioVersion = 15.0.28307.539
MinimumVisualStudioVersion = 10.0.40219.1
Project("{FAE04EC0-301F-11D3-BF4B-00C04F79EFBC}") = "Lab9StudentInfoLists", "Lab9StudentInfoLists\Lab9StudentInfoLists.csproj", "{D6C726BA-AA5B-4D61-A1AF-3E1E9EF2280B}"
EndProject
Global
	GlobalSection(SolutionConfigurationPlatforms) = preSolution
		Debug|Any CPU = Debug|Any CPU
		Release|Any CPU = Release|Any CPU
	EndGlobalSection
	GlobalSection(ProjectConfigurationPlatforms) = postSolution
		{D6C726BA-AA5B-4D61-A1AF-3E1E9EF2280B}.Debug|Any CPU.ActiveCfg = Debug|Any CPU
		{D6C726BA-AA5B-4D61-A1AF-3E1E9EF2280B}.Debug|Any CPU.Build.0 = Debug|Any CPU
		{D6C726BA-AA5B-4D61-A1AF-3E1E9EF2280B}.Release|Any CPU.ActiveCfg = Release|Any CPU
		{D6C726BA-AA5B-4D61-A1AF-3E1E9EF2280B}.Release|Any CPU.Build.0 = Release|Any CPU
	EndGlobalSection
	GlobalSection(SolutionProperties) = preSolution
		HideSolutionNode = FALSE
	EndGlobalSection
	GlobalSection(ExtensibilityGlobals) = postSolution
		SolutionGuid = {F3FE22A7-E076-4066-A41C-F407C8FA5CA1}
	EndGlobalSection
EndGlobal
